// !$*UTF8*$!
{
	archiveVersion = 1;
	classes = {
	};
	objectVersion = 52;
	objects = {

/* Begin PBXBuildFile section */
		59CA4F91251D09460096E22E /* GridCollectionSection.swift in Sources */ = {isa = PBXBuildFile; fileRef = 59CA4F90251D09460096E22E /* GridCollectionSection.swift */; };
		59CA4F93251D0ED20096E22E /* CollectionViewGridExampleController.swift in Sources */ = {isa = PBXBuildFile; fileRef = 59CA4F92251D0ED20096E22E /* CollectionViewGridExampleController.swift */; };
		59CA4F95251D3DE90096E22E /* GridListFactory.swift in Sources */ = {isa = PBXBuildFile; fileRef = 59CA4F94251D3DE90096E22E /* GridListFactory.swift */; };
		731C9DF22503CA1500967DA4 /* MeetupExampleType.swift in Sources */ = {isa = PBXBuildFile; fileRef = 731C9DF12503CA1500967DA4 /* MeetupExampleType.swift */; };
		731C9DF52503CEB300967DA4 /* MeetupFactoryViewController.swift in Sources */ = {isa = PBXBuildFile; fileRef = 731C9DF42503CEB300967DA4 /* MeetupFactoryViewController.swift */; };
		731C9E0325043E2A00967DA4 /* MeetupTableViewFactory.swift in Sources */ = {isa = PBXBuildFile; fileRef = 731C9E0225043E2A00967DA4 /* MeetupTableViewFactory.swift */; };
		731C9E0525043E8000967DA4 /* MeetupTableViewFactoryState.swift in Sources */ = {isa = PBXBuildFile; fileRef = 731C9E0425043E8000967DA4 /* MeetupTableViewFactoryState.swift */; };
		731C9E082504428B00967DA4 /* MeetupSongCell.swift in Sources */ = {isa = PBXBuildFile; fileRef = 731C9E072504428B00967DA4 /* MeetupSongCell.swift */; };
		731C9E0A250442D700967DA4 /* MeetupAlbumCell.swift in Sources */ = {isa = PBXBuildFile; fileRef = 731C9E09250442D700967DA4 /* MeetupAlbumCell.swift */; };
		731C9E0D2504431900967DA4 /* MeetupSongCellBuilder.swift in Sources */ = {isa = PBXBuildFile; fileRef = 731C9E0C2504431900967DA4 /* MeetupSongCellBuilder.swift */; };
		731C9E0F2504442B00967DA4 /* MeetupAlbumCellBuilder.swift in Sources */ = {isa = PBXBuildFile; fileRef = 731C9E0E2504442B00967DA4 /* MeetupAlbumCellBuilder.swift */; };
		731C9E112504551800967DA4 /* Song.swift in Sources */ = {isa = PBXBuildFile; fileRef = 731C9E102504551800967DA4 /* Song.swift */; };
		731C9E132504556900967DA4 /* Album.swift in Sources */ = {isa = PBXBuildFile; fileRef = 731C9E122504556900967DA4 /* Album.swift */; };
		7342B34E247082A000644987 /* BricksAndTiles.framework in Frameworks */ = {isa = PBXBuildFile; fileRef = EBF15ADF229B3A630055DF69 /* BricksAndTiles.framework */; };
		7342B34F247082A000644987 /* BricksAndTiles.framework in Embed Frameworks */ = {isa = PBXBuildFile; fileRef = EBF15ADF229B3A630055DF69 /* BricksAndTiles.framework */; settings = {ATTRIBUTES = (CodeSignOnCopy, RemoveHeadersOnCopy, ); }; };
		73610C9124F167600070D724 /* SelectableCellBuilder.swift in Sources */ = {isa = PBXBuildFile; fileRef = 73610C9024F167600070D724 /* SelectableCellBuilder.swift */; };
		73610D1E24F16B710070D724 /* AppDelegate.swift in Sources */ = {isa = PBXBuildFile; fileRef = 73610CDE24F16B710070D724 /* AppDelegate.swift */; };
		73610D1F24F16B710070D724 /* SongService.swift in Sources */ = {isa = PBXBuildFile; fileRef = 73610CE024F16B710070D724 /* SongService.swift */; };
		73610D2024F16B710070D724 /* LabelCell.swift in Sources */ = {isa = PBXBuildFile; fileRef = 73610CE324F16B710070D724 /* LabelCell.swift */; };
		73610D2124F16B710070D724 /* SimpleHeader.swift in Sources */ = {isa = PBXBuildFile; fileRef = 73610CE524F16B710070D724 /* SimpleHeader.swift */; };
		73610D2424F16B710070D724 /* ExampleListViewController.swift in Sources */ = {isa = PBXBuildFile; fileRef = 73610CEB24F16B710070D724 /* ExampleListViewController.swift */; };
		73610D2524F16B710070D724 /* ExampleListTableViewFactory.swift in Sources */ = {isa = PBXBuildFile; fileRef = 73610CED24F16B710070D724 /* ExampleListTableViewFactory.swift */; };
		73610D2624F16B710070D724 /* ExampleNameTableViewCell.swift in Sources */ = {isa = PBXBuildFile; fileRef = 73610CEE24F16B710070D724 /* ExampleNameTableViewCell.swift */; };
		73610D2724F16B710070D724 /* ExampleType.swift in Sources */ = {isa = PBXBuildFile; fileRef = 73610CF024F16B710070D724 /* ExampleType.swift */; };
		73610D2824F16B710070D724 /* ExampleListPresenter.swift in Sources */ = {isa = PBXBuildFile; fileRef = 73610CF124F16B710070D724 /* ExampleListPresenter.swift */; };
		73610D4324F16B710070D724 /* Assets.xcassets in Resources */ = {isa = PBXBuildFile; fileRef = 73610D1C24F16B710070D724 /* Assets.xcassets */; };
		73610D6F24F1A8270070D724 /* EditableTableViewFactory.swift in Sources */ = {isa = PBXBuildFile; fileRef = 73610D4724F1A8260070D724 /* EditableTableViewFactory.swift */; };
		73610D7024F1A8270070D724 /* EditableCellBuilder.swift in Sources */ = {isa = PBXBuildFile; fileRef = 73610D4924F1A8260070D724 /* EditableCellBuilder.swift */; };
		73610D7124F1A8270070D724 /* EditableTableViewCell.swift in Sources */ = {isa = PBXBuildFile; fileRef = 73610D4A24F1A8260070D724 /* EditableTableViewCell.swift */; };
		73610D7224F1A8270070D724 /* GenericExampleViewController.swift in Sources */ = {isa = PBXBuildFile; fileRef = 73610D4B24F1A8260070D724 /* GenericExampleViewController.swift */; };
		73610D7324F1A8270070D724 /* HorizontalListFactory.swift in Sources */ = {isa = PBXBuildFile; fileRef = 73610D4D24F1A8260070D724 /* HorizontalListFactory.swift */; };
		73610D7424F1A8270070D724 /* CollectionViewExampleViewController.swift in Sources */ = {isa = PBXBuildFile; fileRef = 73610D4E24F1A8260070D724 /* CollectionViewExampleViewController.swift */; };
		73610D7524F1A8270070D724 /* HorizontalCellHeader.swift in Sources */ = {isa = PBXBuildFile; fileRef = 73610D5024F1A8260070D724 /* HorizontalCellHeader.swift */; };
		73610D7624F1A8270070D724 /* HorizontalCell.swift in Sources */ = {isa = PBXBuildFile; fileRef = 73610D5124F1A8260070D724 /* HorizontalCell.swift */; };
		73610D7724F1A8270070D724 /* HorizontalCellBuilder.swift in Sources */ = {isa = PBXBuildFile; fileRef = 73610D5224F1A8260070D724 /* HorizontalCellBuilder.swift */; };
		73610D7824F1A8270070D724 /* GenericExamplePresenter.swift in Sources */ = {isa = PBXBuildFile; fileRef = 73610D5324F1A8260070D724 /* GenericExamplePresenter.swift */; };
		73610D7924F1A8270070D724 /* SingleSelectionCellBuilder.swift in Sources */ = {isa = PBXBuildFile; fileRef = 73610D5624F1A8260070D724 /* SingleSelectionCellBuilder.swift */; };
		73610D7A24F1A8270070D724 /* SingleSelectionTableViewCell.swift in Sources */ = {isa = PBXBuildFile; fileRef = 73610D5724F1A8260070D724 /* SingleSelectionTableViewCell.swift */; };
		73610D7B24F1A8270070D724 /* SingleSelectionTableViewFactory.swift in Sources */ = {isa = PBXBuildFile; fileRef = 73610D5824F1A8260070D724 /* SingleSelectionTableViewFactory.swift */; };
		73610D7C24F1A8270070D724 /* HorizontalListCell.swift in Sources */ = {isa = PBXBuildFile; fileRef = 73610D5C24F1A8260070D724 /* HorizontalListCell.swift */; };
		73610D7D24F1A8270070D724 /* HorizontalListCellBuilder.swift in Sources */ = {isa = PBXBuildFile; fileRef = 73610D5D24F1A8260070D724 /* HorizontalListCellBuilder.swift */; };
		73610D7E24F1A8270070D724 /* SecondStaticCellBuilder.swift in Sources */ = {isa = PBXBuildFile; fileRef = 73610D5F24F1A8260070D724 /* SecondStaticCellBuilder.swift */; };
		73610D7F24F1A8270070D724 /* SecondStaticCell.swift in Sources */ = {isa = PBXBuildFile; fileRef = 73610D6024F1A8260070D724 /* SecondStaticCell.swift */; };
		73610D8024F1A8270070D724 /* FirstStaticCell.swift in Sources */ = {isa = PBXBuildFile; fileRef = 73610D6224F1A8260070D724 /* FirstStaticCell.swift */; };
		73610D8124F1A8270070D724 /* FirstStaticCellBuilder.swift in Sources */ = {isa = PBXBuildFile; fileRef = 73610D6324F1A8260070D724 /* FirstStaticCellBuilder.swift */; };
		73610D8224F1A8270070D724 /* AlternateStaticTableViewFactory.swift in Sources */ = {isa = PBXBuildFile; fileRef = 73610D6424F1A8260070D724 /* AlternateStaticTableViewFactory.swift */; };
		73610D8324F1A8270070D724 /* DraggablePresenter.swift in Sources */ = {isa = PBXBuildFile; fileRef = 73610D6624F1A8260070D724 /* DraggablePresenter.swift */; };
		73610D8424F1A8270070D724 /* DraggableViewController.swift in Sources */ = {isa = PBXBuildFile; fileRef = 73610D6724F1A8260070D724 /* DraggableViewController.swift */; };
		73610D8524F1A8270070D724 /* DraggableExampleTableViewFactory.swift in Sources */ = {isa = PBXBuildFile; fileRef = 73610D6924F1A8260070D724 /* DraggableExampleTableViewFactory.swift */; };
		73610D8624F1A8270070D724 /* DragableExampleCellBuilder.swift in Sources */ = {isa = PBXBuildFile; fileRef = 73610D6B24F1A8260070D724 /* DragableExampleCellBuilder.swift */; };
		73610D8724F1A8270070D724 /* DragableExampleTableViewCell.swift in Sources */ = {isa = PBXBuildFile; fileRef = 73610D6C24F1A8260070D724 /* DragableExampleTableViewCell.swift */; };
		73610D8824F1A8270070D724 /* SongsRankingFactoryModel.swift in Sources */ = {isa = PBXBuildFile; fileRef = 73610D6E24F1A8270070D724 /* SongsRankingFactoryModel.swift */; };
		73610D8B24F1B4F60070D724 /* LaunchScreen.storyboard in Resources */ = {isa = PBXBuildFile; fileRef = 73610D8924F1B4F60070D724 /* LaunchScreen.storyboard */; };
		736E6B8D24B219AF0086B985 /* CollectionViewDataSource.swift in Sources */ = {isa = PBXBuildFile; fileRef = 736E6B8C24B219AF0086B985 /* CollectionViewDataSource.swift */; };
		736E6B9324B21B7C0086B985 /* CollectionViewSection.swift in Sources */ = {isa = PBXBuildFile; fileRef = 736E6B9224B21B7C0086B985 /* CollectionViewSection.swift */; };
		73B8FB2124D394F900B32167 /* StaticCollectionSection.swift in Sources */ = {isa = PBXBuildFile; fileRef = 73B8FB2024D394F900B32167 /* StaticCollectionSection.swift */; };
		73B8FB2324D3957A00B32167 /* CollectionViewCellBuilder.swift in Sources */ = {isa = PBXBuildFile; fileRef = 73B8FB2224D3957A00B32167 /* CollectionViewCellBuilder.swift */; };
		73B8FB2724D3AB3600B32167 /* HorizontalCollectionViewCellBuilder.swift in Sources */ = {isa = PBXBuildFile; fileRef = 73B8FB2624D3AB3600B32167 /* HorizontalCollectionViewCellBuilder.swift */; };
		73B8FB6124D5BF2600B32167 /* UITableView+DefaultFactory.swift in Sources */ = {isa = PBXBuildFile; fileRef = 73B8FB6024D5BF2600B32167 /* UITableView+DefaultFactory.swift */; };
		EBF15AE9229B3A630055DF69 /* BricksAndTiles.framework in Frameworks */ = {isa = PBXBuildFile; fileRef = EBF15ADF229B3A630055DF69 /* BricksAndTiles.framework */; };
		EBF15AEE229B3A630055DF69 /* TableViewFactoryTests.swift in Sources */ = {isa = PBXBuildFile; fileRef = EBF15AED229B3A630055DF69 /* TableViewFactoryTests.swift */; };
		EBF15AF0229B3A630055DF69 /* BricksAndTiles.h in Headers */ = {isa = PBXBuildFile; fileRef = EBF15AE2229B3A630055DF69 /* BricksAndTiles.h */; settings = {ATTRIBUTES = (Public, ); }; };
		EBF15AFF229B3AD20055DF69 /* ArrangeableSection.swift in Sources */ = {isa = PBXBuildFile; fileRef = EBF15AF9229B3AD20055DF69 /* ArrangeableSection.swift */; };
		EBF15B00229B3AD20055DF69 /* EditableSection.swift in Sources */ = {isa = PBXBuildFile; fileRef = EBF15AFA229B3AD20055DF69 /* EditableSection.swift */; };
		EBF15B01229B3AD20055DF69 /* SingleSelectionSection.swift in Sources */ = {isa = PBXBuildFile; fileRef = EBF15AFB229B3AD20055DF69 /* SingleSelectionSection.swift */; };
		EBF15B02229B3AD20055DF69 /* TableViewDataSource.swift in Sources */ = {isa = PBXBuildFile; fileRef = EBF15AFC229B3AD20055DF69 /* TableViewDataSource.swift */; };
		EBF15B03229B3AD20055DF69 /* StaticSection.swift in Sources */ = {isa = PBXBuildFile; fileRef = EBF15AFD229B3AD20055DF69 /* StaticSection.swift */; };
		EBF15B04229B3AD20055DF69 /* TableViewItem.swift in Sources */ = {isa = PBXBuildFile; fileRef = EBF15AFE229B3AD20055DF69 /* TableViewItem.swift */; };
		EBF15B0F229B3B190055DF69 /* TableViewSingleSelectionCellBuilder.swift in Sources */ = {isa = PBXBuildFile; fileRef = EBF15B07229B3B190055DF69 /* TableViewSingleSelectionCellBuilder.swift */; };
		EBF15B10229B3B190055DF69 /* SelectableTableViewCell.swift in Sources */ = {isa = PBXBuildFile; fileRef = EBF15B08229B3B190055DF69 /* SelectableTableViewCell.swift */; };
		EBF15B11229B3B190055DF69 /* TableViewCellBuilder.swift in Sources */ = {isa = PBXBuildFile; fileRef = EBF15B09229B3B190055DF69 /* TableViewCellBuilder.swift */; };
		EBF15B12229B3B190055DF69 /* TableViewSection.swift in Sources */ = {isa = PBXBuildFile; fileRef = EBF15B0A229B3B190055DF69 /* TableViewSection.swift */; };
		EBF15B13229B3B190055DF69 /* TableViewEditableCellBuilder.swift in Sources */ = {isa = PBXBuildFile; fileRef = EBF15B0C229B3B190055DF69 /* TableViewEditableCellBuilder.swift */; };
		EBF15B14229B3B190055DF69 /* EditableCellActionFactory.swift in Sources */ = {isa = PBXBuildFile; fileRef = EBF15B0D229B3B190055DF69 /* EditableCellActionFactory.swift */; };
		EBF15B15229B3B190055DF69 /* TableViewArrangeableCellBuilder.swift in Sources */ = {isa = PBXBuildFile; fileRef = EBF15B0E229B3B190055DF69 /* TableViewArrangeableCellBuilder.swift */; };
		EBF15B3D229B3D800055DF69 /* UITableView+DeleteRows.swift in Sources */ = {isa = PBXBuildFile; fileRef = EBF15B3C229B3D800055DF69 /* UITableView+DeleteRows.swift */; };
/* End PBXBuildFile section */

/* Begin PBXContainerItemProxy section */
		73AB8F9B24706FAC000A7BF5 /* PBXContainerItemProxy */ = {
			isa = PBXContainerItemProxy;
			containerPortal = EBF15AD6229B3A630055DF69 /* Project object */;
			proxyType = 1;
			remoteGlobalIDString = EBF15ADE229B3A630055DF69;
			remoteInfo = TableViewFactory;
		};
		EBF15AEA229B3A630055DF69 /* PBXContainerItemProxy */ = {
			isa = PBXContainerItemProxy;
			containerPortal = EBF15AD6229B3A630055DF69 /* Project object */;
			proxyType = 1;
			remoteGlobalIDString = EBF15ADE229B3A630055DF69;
			remoteInfo = TableViewFactory;
		};
/* End PBXContainerItemProxy section */

/* Begin PBXCopyFilesBuildPhase section */
		7342B352247082A000644987 /* Embed Frameworks */ = {
			isa = PBXCopyFilesBuildPhase;
			buildActionMask = 2147483647;
			dstPath = "";
			dstSubfolderSpec = 10;
			files = (
				7342B34F247082A000644987 /* BricksAndTiles.framework in Embed Frameworks */,
			);
			name = "Embed Frameworks";
			runOnlyForDeploymentPostprocessing = 0;
		};
		73B8FB1C24D38F5200B32167 /* Embed Frameworks */ = {
			isa = PBXCopyFilesBuildPhase;
			buildActionMask = 2147483647;
			dstPath = "";
			dstSubfolderSpec = 10;
			files = (
			);
			name = "Embed Frameworks";
			runOnlyForDeploymentPostprocessing = 0;
		};
/* End PBXCopyFilesBuildPhase section */

/* Begin PBXFileReference section */
		59CA4F90251D09460096E22E /* GridCollectionSection.swift */ = {isa = PBXFileReference; lastKnownFileType = sourcecode.swift; path = GridCollectionSection.swift; sourceTree = "<group>"; };
		59CA4F92251D0ED20096E22E /* CollectionViewGridExampleController.swift */ = {isa = PBXFileReference; lastKnownFileType = sourcecode.swift; path = CollectionViewGridExampleController.swift; sourceTree = "<group>"; };
		59CA4F94251D3DE90096E22E /* GridListFactory.swift */ = {isa = PBXFileReference; lastKnownFileType = sourcecode.swift; path = GridListFactory.swift; sourceTree = "<group>"; };
		731C9DF12503CA1500967DA4 /* MeetupExampleType.swift */ = {isa = PBXFileReference; lastKnownFileType = sourcecode.swift; path = MeetupExampleType.swift; sourceTree = "<group>"; };
		731C9DF42503CEB300967DA4 /* MeetupFactoryViewController.swift */ = {isa = PBXFileReference; lastKnownFileType = sourcecode.swift; path = MeetupFactoryViewController.swift; sourceTree = "<group>"; };
		731C9E0225043E2A00967DA4 /* MeetupTableViewFactory.swift */ = {isa = PBXFileReference; lastKnownFileType = sourcecode.swift; path = MeetupTableViewFactory.swift; sourceTree = "<group>"; };
		731C9E0425043E8000967DA4 /* MeetupTableViewFactoryState.swift */ = {isa = PBXFileReference; lastKnownFileType = sourcecode.swift; path = MeetupTableViewFactoryState.swift; sourceTree = "<group>"; };
		731C9E072504428B00967DA4 /* MeetupSongCell.swift */ = {isa = PBXFileReference; lastKnownFileType = sourcecode.swift; path = MeetupSongCell.swift; sourceTree = "<group>"; };
		731C9E09250442D700967DA4 /* MeetupAlbumCell.swift */ = {isa = PBXFileReference; lastKnownFileType = sourcecode.swift; path = MeetupAlbumCell.swift; sourceTree = "<group>"; };
		731C9E0C2504431900967DA4 /* MeetupSongCellBuilder.swift */ = {isa = PBXFileReference; lastKnownFileType = sourcecode.swift; path = MeetupSongCellBuilder.swift; sourceTree = "<group>"; };
		731C9E0E2504442B00967DA4 /* MeetupAlbumCellBuilder.swift */ = {isa = PBXFileReference; lastKnownFileType = sourcecode.swift; path = MeetupAlbumCellBuilder.swift; sourceTree = "<group>"; };
		731C9E102504551800967DA4 /* Song.swift */ = {isa = PBXFileReference; lastKnownFileType = sourcecode.swift; path = Song.swift; sourceTree = "<group>"; };
		731C9E122504556900967DA4 /* Album.swift */ = {isa = PBXFileReference; lastKnownFileType = sourcecode.swift; path = Album.swift; sourceTree = "<group>"; };
		73610C9024F167600070D724 /* SelectableCellBuilder.swift */ = {isa = PBXFileReference; lastKnownFileType = sourcecode.swift; path = SelectableCellBuilder.swift; sourceTree = "<group>"; };
		73610CDE24F16B710070D724 /* AppDelegate.swift */ = {isa = PBXFileReference; fileEncoding = 4; lastKnownFileType = sourcecode.swift; name = AppDelegate.swift; path = Example/AppDelegate.swift; sourceTree = SOURCE_ROOT; };
		73610CE024F16B710070D724 /* SongService.swift */ = {isa = PBXFileReference; fileEncoding = 4; lastKnownFileType = sourcecode.swift; path = SongService.swift; sourceTree = "<group>"; };
		73610CE324F16B710070D724 /* LabelCell.swift */ = {isa = PBXFileReference; fileEncoding = 4; lastKnownFileType = sourcecode.swift; path = LabelCell.swift; sourceTree = "<group>"; };
		73610CE524F16B710070D724 /* SimpleHeader.swift */ = {isa = PBXFileReference; fileEncoding = 4; lastKnownFileType = sourcecode.swift; path = SimpleHeader.swift; sourceTree = "<group>"; };
		73610CE624F16B710070D724 /* Info.plist */ = {isa = PBXFileReference; lastKnownFileType = text.plist; name = Info.plist; path = Example/Info.plist; sourceTree = SOURCE_ROOT; };
		73610CEB24F16B710070D724 /* ExampleListViewController.swift */ = {isa = PBXFileReference; fileEncoding = 4; lastKnownFileType = sourcecode.swift; path = ExampleListViewController.swift; sourceTree = "<group>"; };
		73610CED24F16B710070D724 /* ExampleListTableViewFactory.swift */ = {isa = PBXFileReference; fileEncoding = 4; lastKnownFileType = sourcecode.swift; path = ExampleListTableViewFactory.swift; sourceTree = "<group>"; };
		73610CEE24F16B710070D724 /* ExampleNameTableViewCell.swift */ = {isa = PBXFileReference; fileEncoding = 4; lastKnownFileType = sourcecode.swift; path = ExampleNameTableViewCell.swift; sourceTree = "<group>"; };
		73610CF024F16B710070D724 /* ExampleType.swift */ = {isa = PBXFileReference; fileEncoding = 4; lastKnownFileType = sourcecode.swift; path = ExampleType.swift; sourceTree = "<group>"; };
		73610CF124F16B710070D724 /* ExampleListPresenter.swift */ = {isa = PBXFileReference; fileEncoding = 4; lastKnownFileType = sourcecode.swift; path = ExampleListPresenter.swift; sourceTree = "<group>"; };
		73610D1C24F16B710070D724 /* Assets.xcassets */ = {isa = PBXFileReference; lastKnownFileType = folder.assetcatalog; name = Assets.xcassets; path = Example/Assets.xcassets; sourceTree = SOURCE_ROOT; };
		73610D4724F1A8260070D724 /* EditableTableViewFactory.swift */ = {isa = PBXFileReference; fileEncoding = 4; lastKnownFileType = sourcecode.swift; path = EditableTableViewFactory.swift; sourceTree = "<group>"; };
		73610D4924F1A8260070D724 /* EditableCellBuilder.swift */ = {isa = PBXFileReference; fileEncoding = 4; lastKnownFileType = sourcecode.swift; path = EditableCellBuilder.swift; sourceTree = "<group>"; };
		73610D4A24F1A8260070D724 /* EditableTableViewCell.swift */ = {isa = PBXFileReference; fileEncoding = 4; lastKnownFileType = sourcecode.swift; path = EditableTableViewCell.swift; sourceTree = "<group>"; };
		73610D4B24F1A8260070D724 /* GenericExampleViewController.swift */ = {isa = PBXFileReference; fileEncoding = 4; lastKnownFileType = sourcecode.swift; path = GenericExampleViewController.swift; sourceTree = "<group>"; };
		73610D4D24F1A8260070D724 /* HorizontalListFactory.swift */ = {isa = PBXFileReference; fileEncoding = 4; lastKnownFileType = sourcecode.swift; path = HorizontalListFactory.swift; sourceTree = "<group>"; };
		73610D4E24F1A8260070D724 /* CollectionViewExampleViewController.swift */ = {isa = PBXFileReference; fileEncoding = 4; lastKnownFileType = sourcecode.swift; path = CollectionViewExampleViewController.swift; sourceTree = "<group>"; };
		73610D5024F1A8260070D724 /* HorizontalCellHeader.swift */ = {isa = PBXFileReference; fileEncoding = 4; lastKnownFileType = sourcecode.swift; path = HorizontalCellHeader.swift; sourceTree = "<group>"; };
		73610D5124F1A8260070D724 /* HorizontalCell.swift */ = {isa = PBXFileReference; fileEncoding = 4; lastKnownFileType = sourcecode.swift; path = HorizontalCell.swift; sourceTree = "<group>"; };
		73610D5224F1A8260070D724 /* HorizontalCellBuilder.swift */ = {isa = PBXFileReference; fileEncoding = 4; lastKnownFileType = sourcecode.swift; path = HorizontalCellBuilder.swift; sourceTree = "<group>"; };
		73610D5324F1A8260070D724 /* GenericExamplePresenter.swift */ = {isa = PBXFileReference; fileEncoding = 4; lastKnownFileType = sourcecode.swift; path = GenericExamplePresenter.swift; sourceTree = "<group>"; };
		73610D5624F1A8260070D724 /* SingleSelectionCellBuilder.swift */ = {isa = PBXFileReference; fileEncoding = 4; lastKnownFileType = sourcecode.swift; path = SingleSelectionCellBuilder.swift; sourceTree = "<group>"; };
		73610D5724F1A8260070D724 /* SingleSelectionTableViewCell.swift */ = {isa = PBXFileReference; fileEncoding = 4; lastKnownFileType = sourcecode.swift; path = SingleSelectionTableViewCell.swift; sourceTree = "<group>"; };
		73610D5824F1A8260070D724 /* SingleSelectionTableViewFactory.swift */ = {isa = PBXFileReference; fileEncoding = 4; lastKnownFileType = sourcecode.swift; path = SingleSelectionTableViewFactory.swift; sourceTree = "<group>"; };
		73610D5C24F1A8260070D724 /* HorizontalListCell.swift */ = {isa = PBXFileReference; fileEncoding = 4; lastKnownFileType = sourcecode.swift; path = HorizontalListCell.swift; sourceTree = "<group>"; };
		73610D5D24F1A8260070D724 /* HorizontalListCellBuilder.swift */ = {isa = PBXFileReference; fileEncoding = 4; lastKnownFileType = sourcecode.swift; path = HorizontalListCellBuilder.swift; sourceTree = "<group>"; };
		73610D5F24F1A8260070D724 /* SecondStaticCellBuilder.swift */ = {isa = PBXFileReference; fileEncoding = 4; lastKnownFileType = sourcecode.swift; path = SecondStaticCellBuilder.swift; sourceTree = "<group>"; };
		73610D6024F1A8260070D724 /* SecondStaticCell.swift */ = {isa = PBXFileReference; fileEncoding = 4; lastKnownFileType = sourcecode.swift; path = SecondStaticCell.swift; sourceTree = "<group>"; };
		73610D6224F1A8260070D724 /* FirstStaticCell.swift */ = {isa = PBXFileReference; fileEncoding = 4; lastKnownFileType = sourcecode.swift; path = FirstStaticCell.swift; sourceTree = "<group>"; };
		73610D6324F1A8260070D724 /* FirstStaticCellBuilder.swift */ = {isa = PBXFileReference; fileEncoding = 4; lastKnownFileType = sourcecode.swift; path = FirstStaticCellBuilder.swift; sourceTree = "<group>"; };
		73610D6424F1A8260070D724 /* AlternateStaticTableViewFactory.swift */ = {isa = PBXFileReference; fileEncoding = 4; lastKnownFileType = sourcecode.swift; path = AlternateStaticTableViewFactory.swift; sourceTree = "<group>"; };
		73610D6624F1A8260070D724 /* DraggablePresenter.swift */ = {isa = PBXFileReference; fileEncoding = 4; lastKnownFileType = sourcecode.swift; path = DraggablePresenter.swift; sourceTree = "<group>"; };
		73610D6724F1A8260070D724 /* DraggableViewController.swift */ = {isa = PBXFileReference; fileEncoding = 4; lastKnownFileType = sourcecode.swift; path = DraggableViewController.swift; sourceTree = "<group>"; };
		73610D6924F1A8260070D724 /* DraggableExampleTableViewFactory.swift */ = {isa = PBXFileReference; fileEncoding = 4; lastKnownFileType = sourcecode.swift; path = DraggableExampleTableViewFactory.swift; sourceTree = "<group>"; };
		73610D6B24F1A8260070D724 /* DragableExampleCellBuilder.swift */ = {isa = PBXFileReference; fileEncoding = 4; lastKnownFileType = sourcecode.swift; path = DragableExampleCellBuilder.swift; sourceTree = "<group>"; };
		73610D6C24F1A8260070D724 /* DragableExampleTableViewCell.swift */ = {isa = PBXFileReference; fileEncoding = 4; lastKnownFileType = sourcecode.swift; path = DragableExampleTableViewCell.swift; sourceTree = "<group>"; };
		73610D6E24F1A8270070D724 /* SongsRankingFactoryModel.swift */ = {isa = PBXFileReference; fileEncoding = 4; lastKnownFileType = sourcecode.swift; path = SongsRankingFactoryModel.swift; sourceTree = "<group>"; };
		73610D8A24F1B4F60070D724 /* Base */ = {isa = PBXFileReference; lastKnownFileType = file.storyboard; name = Base; path = Base.lproj/LaunchScreen.storyboard; sourceTree = "<group>"; };
		736E6B8C24B219AF0086B985 /* CollectionViewDataSource.swift */ = {isa = PBXFileReference; lastKnownFileType = sourcecode.swift; path = CollectionViewDataSource.swift; sourceTree = "<group>"; };
		736E6B9224B21B7C0086B985 /* CollectionViewSection.swift */ = {isa = PBXFileReference; lastKnownFileType = sourcecode.swift; path = CollectionViewSection.swift; sourceTree = "<group>"; };
		73B8FB0C24D38F2300B32167 /* ViewCodeHelper.h */ = {isa = PBXFileReference; lastKnownFileType = sourcecode.c.h; path = ViewCodeHelper.h; sourceTree = "<group>"; };
		73B8FB0D24D38F2300B32167 /* Info.plist */ = {isa = PBXFileReference; lastKnownFileType = text.plist.xml; path = Info.plist; sourceTree = "<group>"; };
		73B8FB2024D394F900B32167 /* StaticCollectionSection.swift */ = {isa = PBXFileReference; lastKnownFileType = sourcecode.swift; path = StaticCollectionSection.swift; sourceTree = "<group>"; };
		73B8FB2224D3957A00B32167 /* CollectionViewCellBuilder.swift */ = {isa = PBXFileReference; lastKnownFileType = sourcecode.swift; path = CollectionViewCellBuilder.swift; sourceTree = "<group>"; };
		73B8FB2624D3AB3600B32167 /* HorizontalCollectionViewCellBuilder.swift */ = {isa = PBXFileReference; lastKnownFileType = sourcecode.swift; path = HorizontalCollectionViewCellBuilder.swift; sourceTree = "<group>"; };
		73B8FB6024D5BF2600B32167 /* UITableView+DefaultFactory.swift */ = {isa = PBXFileReference; lastKnownFileType = sourcecode.swift; path = "UITableView+DefaultFactory.swift"; sourceTree = "<group>"; };
		73BB43C92506A04800E53473 /* README.md */ = {isa = PBXFileReference; fileEncoding = 4; lastKnownFileType = net.daringfireball.markdown; path = README.md; sourceTree = "<group>"; };
		73BB43CA2506A04800E53473 /* Package.swift */ = {isa = PBXFileReference; fileEncoding = 4; lastKnownFileType = sourcecode.swift; path = Package.swift; sourceTree = "<group>"; };
		73D12D4A2470675D008B0AB9 /* Example.app */ = {isa = PBXFileReference; explicitFileType = wrapper.application; includeInIndex = 0; path = Example.app; sourceTree = BUILT_PRODUCTS_DIR; };
		EBF15ADF229B3A630055DF69 /* BricksAndTiles.framework */ = {isa = PBXFileReference; explicitFileType = wrapper.framework; includeInIndex = 0; path = BricksAndTiles.framework; sourceTree = BUILT_PRODUCTS_DIR; };
		EBF15AE2229B3A630055DF69 /* BricksAndTiles.h */ = {isa = PBXFileReference; lastKnownFileType = sourcecode.c.h; path = BricksAndTiles.h; sourceTree = "<group>"; };
		EBF15AE3229B3A630055DF69 /* Info.plist */ = {isa = PBXFileReference; lastKnownFileType = text.plist.xml; path = Info.plist; sourceTree = "<group>"; };
		EBF15AE8229B3A630055DF69 /* BricksAndTilesTests.xctest */ = {isa = PBXFileReference; explicitFileType = wrapper.cfbundle; includeInIndex = 0; path = BricksAndTilesTests.xctest; sourceTree = BUILT_PRODUCTS_DIR; };
		EBF15AED229B3A630055DF69 /* TableViewFactoryTests.swift */ = {isa = PBXFileReference; lastKnownFileType = sourcecode.swift; path = TableViewFactoryTests.swift; sourceTree = "<group>"; };
		EBF15AEF229B3A630055DF69 /* Info.plist */ = {isa = PBXFileReference; lastKnownFileType = text.plist.xml; path = Info.plist; sourceTree = "<group>"; };
		EBF15AF9229B3AD20055DF69 /* ArrangeableSection.swift */ = {isa = PBXFileReference; fileEncoding = 4; lastKnownFileType = sourcecode.swift; path = ArrangeableSection.swift; sourceTree = "<group>"; };
		EBF15AFA229B3AD20055DF69 /* EditableSection.swift */ = {isa = PBXFileReference; fileEncoding = 4; lastKnownFileType = sourcecode.swift; path = EditableSection.swift; sourceTree = "<group>"; };
		EBF15AFB229B3AD20055DF69 /* SingleSelectionSection.swift */ = {isa = PBXFileReference; fileEncoding = 4; lastKnownFileType = sourcecode.swift; path = SingleSelectionSection.swift; sourceTree = "<group>"; };
		EBF15AFC229B3AD20055DF69 /* TableViewDataSource.swift */ = {isa = PBXFileReference; fileEncoding = 4; lastKnownFileType = sourcecode.swift; path = TableViewDataSource.swift; sourceTree = "<group>"; };
		EBF15AFD229B3AD20055DF69 /* StaticSection.swift */ = {isa = PBXFileReference; fileEncoding = 4; lastKnownFileType = sourcecode.swift; path = StaticSection.swift; sourceTree = "<group>"; };
		EBF15AFE229B3AD20055DF69 /* TableViewItem.swift */ = {isa = PBXFileReference; fileEncoding = 4; lastKnownFileType = sourcecode.swift; path = TableViewItem.swift; sourceTree = "<group>"; };
		EBF15B07229B3B190055DF69 /* TableViewSingleSelectionCellBuilder.swift */ = {isa = PBXFileReference; fileEncoding = 4; lastKnownFileType = sourcecode.swift; path = TableViewSingleSelectionCellBuilder.swift; sourceTree = "<group>"; };
		EBF15B08229B3B190055DF69 /* SelectableTableViewCell.swift */ = {isa = PBXFileReference; fileEncoding = 4; lastKnownFileType = sourcecode.swift; path = SelectableTableViewCell.swift; sourceTree = "<group>"; };
		EBF15B09229B3B190055DF69 /* TableViewCellBuilder.swift */ = {isa = PBXFileReference; fileEncoding = 4; lastKnownFileType = sourcecode.swift; path = TableViewCellBuilder.swift; sourceTree = "<group>"; };
		EBF15B0A229B3B190055DF69 /* TableViewSection.swift */ = {isa = PBXFileReference; fileEncoding = 4; lastKnownFileType = sourcecode.swift; path = TableViewSection.swift; sourceTree = "<group>"; };
		EBF15B0C229B3B190055DF69 /* TableViewEditableCellBuilder.swift */ = {isa = PBXFileReference; fileEncoding = 4; lastKnownFileType = sourcecode.swift; path = TableViewEditableCellBuilder.swift; sourceTree = "<group>"; };
		EBF15B0D229B3B190055DF69 /* EditableCellActionFactory.swift */ = {isa = PBXFileReference; fileEncoding = 4; lastKnownFileType = sourcecode.swift; path = EditableCellActionFactory.swift; sourceTree = "<group>"; };
		EBF15B0E229B3B190055DF69 /* TableViewArrangeableCellBuilder.swift */ = {isa = PBXFileReference; fileEncoding = 4; lastKnownFileType = sourcecode.swift; path = TableViewArrangeableCellBuilder.swift; sourceTree = "<group>"; };
		EBF15B3C229B3D800055DF69 /* UITableView+DeleteRows.swift */ = {isa = PBXFileReference; lastKnownFileType = sourcecode.swift; path = "UITableView+DeleteRows.swift"; sourceTree = "<group>"; };
/* End PBXFileReference section */

/* Begin PBXFrameworksBuildPhase section */
		73D12D472470675D008B0AB9 /* Frameworks */ = {
			isa = PBXFrameworksBuildPhase;
			buildActionMask = 2147483647;
			files = (
				7342B34E247082A000644987 /* BricksAndTiles.framework in Frameworks */,
			);
			runOnlyForDeploymentPostprocessing = 0;
		};
		EBF15ADC229B3A630055DF69 /* Frameworks */ = {
			isa = PBXFrameworksBuildPhase;
			buildActionMask = 2147483647;
			files = (
			);
			runOnlyForDeploymentPostprocessing = 0;
		};
		EBF15AE5229B3A630055DF69 /* Frameworks */ = {
			isa = PBXFrameworksBuildPhase;
			buildActionMask = 2147483647;
			files = (
				EBF15AE9229B3A630055DF69 /* BricksAndTiles.framework in Frameworks */,
			);
			runOnlyForDeploymentPostprocessing = 0;
		};
/* End PBXFrameworksBuildPhase section */

/* Begin PBXGroup section */
		59CA4F8F251D09130096E22E /* CollectionViewGridExample */ = {
			isa = PBXGroup;
			children = (
				59CA4F92251D0ED20096E22E /* CollectionViewGridExampleController.swift */,
				59CA4F94251D3DE90096E22E /* GridListFactory.swift */,
			);
			path = CollectionViewGridExample;
			sourceTree = "<group>";
		};
		731C9DEE2503C82B00967DA4 /* MeetupExample */ = {
			isa = PBXGroup;
			children = (
				731C9DF32503CE9F00967DA4 /* Factory */,
				731C9DF12503CA1500967DA4 /* MeetupExampleType.swift */,
			);
			path = MeetupExample;
			sourceTree = "<group>";
		};
		731C9DF32503CE9F00967DA4 /* Factory */ = {
			isa = PBXGroup;
			children = (
				731C9DF92503D04200967DA4 /* TableView */,
				731C9DF42503CEB300967DA4 /* MeetupFactoryViewController.swift */,
			);
			path = Factory;
			sourceTree = "<group>";
		};
		731C9DF92503D04200967DA4 /* TableView */ = {
			isa = PBXGroup;
			children = (
				731C9E0B2504431000967DA4 /* CellBuilders */,
				731C9E062504419400967DA4 /* Cells */,
				731C9E0225043E2A00967DA4 /* MeetupTableViewFactory.swift */,
				731C9E0425043E8000967DA4 /* MeetupTableViewFactoryState.swift */,
			);
			path = TableView;
			sourceTree = "<group>";
		};
		731C9E062504419400967DA4 /* Cells */ = {
			isa = PBXGroup;
			children = (
				731C9E072504428B00967DA4 /* MeetupSongCell.swift */,
				731C9E09250442D700967DA4 /* MeetupAlbumCell.swift */,
			);
			path = Cells;
			sourceTree = "<group>";
		};
		731C9E0B2504431000967DA4 /* CellBuilders */ = {
			isa = PBXGroup;
			children = (
				731C9E0C2504431900967DA4 /* MeetupSongCellBuilder.swift */,
				731C9E0E2504442B00967DA4 /* MeetupAlbumCellBuilder.swift */,
			);
			path = CellBuilders;
			sourceTree = "<group>";
		};
		7342B34D247082A000644987 /* Frameworks */ = {
			isa = PBXGroup;
			children = (
			);
			name = Frameworks;
			sourceTree = "<group>";
		};
		73610C8F24F1673B0070D724 /* Prebuilt */ = {
			isa = PBXGroup;
			children = (
				73610C9024F167600070D724 /* SelectableCellBuilder.swift */,
			);
			path = Prebuilt;
			sourceTree = "<group>";
		};
		73610CDF24F16B710070D724 /* Database */ = {
			isa = PBXGroup;
			children = (
				73610CE024F16B710070D724 /* SongService.swift */,
				731C9E102504551800967DA4 /* Song.swift */,
				731C9E122504556900967DA4 /* Album.swift */,
			);
			name = Database;
			path = Example/Database;
			sourceTree = SOURCE_ROOT;
		};
		73610CE124F16B710070D724 /* Components */ = {
			isa = PBXGroup;
			children = (
				73610CE224F16B710070D724 /* Cell */,
				73610CE424F16B710070D724 /* Header */,
			);
			name = Components;
			path = Example/Components;
			sourceTree = SOURCE_ROOT;
		};
		73610CE224F16B710070D724 /* Cell */ = {
			isa = PBXGroup;
			children = (
				73610CE324F16B710070D724 /* LabelCell.swift */,
			);
			path = Cell;
			sourceTree = "<group>";
		};
		73610CE424F16B710070D724 /* Header */ = {
			isa = PBXGroup;
			children = (
				73610CE524F16B710070D724 /* SimpleHeader.swift */,
			);
			path = Header;
			sourceTree = "<group>";
		};
		73610CEA24F16B710070D724 /* ExampleList */ = {
			isa = PBXGroup;
			children = (
				73610CF124F16B710070D724 /* ExampleListPresenter.swift */,
				73610CEB24F16B710070D724 /* ExampleListViewController.swift */,
				73610CEF24F16B710070D724 /* Entity */,
				73610CEC24F16B710070D724 /* TableView */,
			);
			name = ExampleList;
			path = Example/ExampleList;
			sourceTree = SOURCE_ROOT;
		};
		73610CEC24F16B710070D724 /* TableView */ = {
			isa = PBXGroup;
			children = (
				73610CED24F16B710070D724 /* ExampleListTableViewFactory.swift */,
				73610CEE24F16B710070D724 /* ExampleNameTableViewCell.swift */,
			);
			path = TableView;
			sourceTree = "<group>";
		};
		73610CEF24F16B710070D724 /* Entity */ = {
			isa = PBXGroup;
			children = (
				73610CF024F16B710070D724 /* ExampleType.swift */,
			);
			path = Entity;
			sourceTree = "<group>";
		};
		73610D4424F16C8A0070D724 /* Protocols */ = {
			isa = PBXGroup;
			children = (
				73B8FB3624D5B5F300B32167 /* ArrangeableCellBuilder */,
				EBF15B0B229B3B190055DF69 /* EditableCellBuilder */,
				EBF15B06229B3B190055DF69 /* SingleSelectionCellBuilder */,
			);
			path = Protocols;
			sourceTree = "<group>";
		};
		73610D4524F1A8260070D724 /* Examples */ = {
			isa = PBXGroup;
			children = (
				59CA4F8F251D09130096E22E /* CollectionViewGridExample */,
				73610D5324F1A8260070D724 /* GenericExamplePresenter.swift */,
				73610D4B24F1A8260070D724 /* GenericExampleViewController.swift */,
				73610D5924F1A8260070D724 /* AlternateStaticExample */,
				73610D4C24F1A8260070D724 /* CollectionViewExample */,
				73610D6524F1A8260070D724 /* DraggableExample */,
				73610D4624F1A8260070D724 /* EditableExample */,
				73610D5424F1A8260070D724 /* SingleSelectionExample */,
			);
			path = Examples;
			sourceTree = "<group>";
		};
		73610D4624F1A8260070D724 /* EditableExample */ = {
			isa = PBXGroup;
			children = (
				73610D4724F1A8260070D724 /* EditableTableViewFactory.swift */,
				73610D4824F1A8260070D724 /* CellBuilder */,
			);
			path = EditableExample;
			sourceTree = "<group>";
		};
		73610D4824F1A8260070D724 /* CellBuilder */ = {
			isa = PBXGroup;
			children = (
				73610D4924F1A8260070D724 /* EditableCellBuilder.swift */,
				73610D4A24F1A8260070D724 /* EditableTableViewCell.swift */,
			);
			path = CellBuilder;
			sourceTree = "<group>";
		};
		73610D4C24F1A8260070D724 /* CollectionViewExample */ = {
			isa = PBXGroup;
			children = (
				73610D4D24F1A8260070D724 /* HorizontalListFactory.swift */,
				73610D4E24F1A8260070D724 /* CollectionViewExampleViewController.swift */,
				73610D4F24F1A8260070D724 /* CellBuilder */,
			);
			path = CollectionViewExample;
			sourceTree = "<group>";
		};
		73610D4F24F1A8260070D724 /* CellBuilder */ = {
			isa = PBXGroup;
			children = (
				73610D5024F1A8260070D724 /* HorizontalCellHeader.swift */,
				73610D5124F1A8260070D724 /* HorizontalCell.swift */,
				73610D5224F1A8260070D724 /* HorizontalCellBuilder.swift */,
			);
			path = CellBuilder;
			sourceTree = "<group>";
		};
		73610D5424F1A8260070D724 /* SingleSelectionExample */ = {
			isa = PBXGroup;
			children = (
				73610D5524F1A8260070D724 /* CellBuilder */,
				73610D5824F1A8260070D724 /* SingleSelectionTableViewFactory.swift */,
			);
			path = SingleSelectionExample;
			sourceTree = "<group>";
		};
		73610D5524F1A8260070D724 /* CellBuilder */ = {
			isa = PBXGroup;
			children = (
				73610D5624F1A8260070D724 /* SingleSelectionCellBuilder.swift */,
				73610D5724F1A8260070D724 /* SingleSelectionTableViewCell.swift */,
			);
			path = CellBuilder;
			sourceTree = "<group>";
		};
		73610D5924F1A8260070D724 /* AlternateStaticExample */ = {
			isa = PBXGroup;
			children = (
				73610D5A24F1A8260070D724 /* CellBuilder */,
				73610D6424F1A8260070D724 /* AlternateStaticTableViewFactory.swift */,
			);
			path = AlternateStaticExample;
			sourceTree = "<group>";
		};
		73610D5A24F1A8260070D724 /* CellBuilder */ = {
			isa = PBXGroup;
			children = (
				73610D5B24F1A8260070D724 /* HorizontalListCell */,
				73610D5E24F1A8260070D724 /* SecondStaticCell */,
				73610D6124F1A8260070D724 /* FIrstStaticCell */,
			);
			path = CellBuilder;
			sourceTree = "<group>";
		};
		73610D5B24F1A8260070D724 /* HorizontalListCell */ = {
			isa = PBXGroup;
			children = (
				73610D5C24F1A8260070D724 /* HorizontalListCell.swift */,
				73610D5D24F1A8260070D724 /* HorizontalListCellBuilder.swift */,
			);
			path = HorizontalListCell;
			sourceTree = "<group>";
		};
		73610D5E24F1A8260070D724 /* SecondStaticCell */ = {
			isa = PBXGroup;
			children = (
				73610D5F24F1A8260070D724 /* SecondStaticCellBuilder.swift */,
				73610D6024F1A8260070D724 /* SecondStaticCell.swift */,
			);
			path = SecondStaticCell;
			sourceTree = "<group>";
		};
		73610D6124F1A8260070D724 /* FIrstStaticCell */ = {
			isa = PBXGroup;
			children = (
				73610D6224F1A8260070D724 /* FirstStaticCell.swift */,
				73610D6324F1A8260070D724 /* FirstStaticCellBuilder.swift */,
			);
			path = FIrstStaticCell;
			sourceTree = "<group>";
		};
		73610D6524F1A8260070D724 /* DraggableExample */ = {
			isa = PBXGroup;
			children = (
				73610D6624F1A8260070D724 /* DraggablePresenter.swift */,
				73610D6724F1A8260070D724 /* DraggableViewController.swift */,
				73610D6824F1A8260070D724 /* Factory */,
			);
			path = DraggableExample;
			sourceTree = "<group>";
		};
		73610D6824F1A8260070D724 /* Factory */ = {
			isa = PBXGroup;
			children = (
				73610D6924F1A8260070D724 /* DraggableExampleTableViewFactory.swift */,
				73610D6A24F1A8260070D724 /* CellBuilder */,
				73610D6D24F1A8260070D724 /* Model */,
			);
			path = Factory;
			sourceTree = "<group>";
		};
		73610D6A24F1A8260070D724 /* CellBuilder */ = {
			isa = PBXGroup;
			children = (
				73610D6B24F1A8260070D724 /* DragableExampleCellBuilder.swift */,
				73610D6C24F1A8260070D724 /* DragableExampleTableViewCell.swift */,
			);
			path = CellBuilder;
			sourceTree = "<group>";
		};
		73610D6D24F1A8260070D724 /* Model */ = {
			isa = PBXGroup;
			children = (
				73610D6E24F1A8270070D724 /* SongsRankingFactoryModel.swift */,
			);
			path = Model;
			sourceTree = "<group>";
		};
		73610D8C24F1B5CD0070D724 /* Resources */ = {
			isa = PBXGroup;
			children = (
				73610D1C24F16B710070D724 /* Assets.xcassets */,
				73610D8924F1B4F60070D724 /* LaunchScreen.storyboard */,
				73610CE624F16B710070D724 /* Info.plist */,
			);
			name = Resources;
			sourceTree = "<group>";
		};
		736E6B8A24B2197E0086B985 /* TableView */ = {
			isa = PBXGroup;
			children = (
				EBF15AFC229B3AD20055DF69 /* TableViewDataSource.swift */,
				EBF15AFE229B3AD20055DF69 /* TableViewItem.swift */,
				EBF15B16229B3B280055DF69 /* Sections */,
				EBF15B05229B3B190055DF69 /* CellBuilders */,
			);
			path = TableView;
			sourceTree = "<group>";
		};
		736E6B8B24B2199F0086B985 /* CollectionView */ = {
			isa = PBXGroup;
			children = (
				736E6B8C24B219AF0086B985 /* CollectionViewDataSource.swift */,
				73B8FB1F24D394E200B32167 /* Sections */,
				736E6B9124B21B700086B985 /* CellBuilders */,
			);
			path = CollectionView;
			sourceTree = "<group>";
		};
		736E6B9124B21B700086B985 /* CellBuilders */ = {
			isa = PBXGroup;
			children = (
				73B8FB2224D3957A00B32167 /* CollectionViewCellBuilder.swift */,
				73B8FB3724D5B69C00B32167 /* HorizontalListCellBuilder */,
			);
			path = CellBuilders;
			sourceTree = "<group>";
		};
		73B8FB0B24D38F2300B32167 /* ViewCodeHelper */ = {
			isa = PBXGroup;
			children = (
				73B8FB0C24D38F2300B32167 /* ViewCodeHelper.h */,
				73B8FB0D24D38F2300B32167 /* Info.plist */,
			);
			path = ViewCodeHelper;
			sourceTree = "<group>";
		};
		73B8FB1F24D394E200B32167 /* Sections */ = {
			isa = PBXGroup;
			children = (
				736E6B9224B21B7C0086B985 /* CollectionViewSection.swift */,
				73B8FB2024D394F900B32167 /* StaticCollectionSection.swift */,
				59CA4F90251D09460096E22E /* GridCollectionSection.swift */,
			);
			path = Sections;
			sourceTree = "<group>";
		};
		73B8FB3624D5B5F300B32167 /* ArrangeableCellBuilder */ = {
			isa = PBXGroup;
			children = (
				EBF15B0E229B3B190055DF69 /* TableViewArrangeableCellBuilder.swift */,
			);
			path = ArrangeableCellBuilder;
			sourceTree = "<group>";
		};
		73B8FB3724D5B69C00B32167 /* HorizontalListCellBuilder */ = {
			isa = PBXGroup;
			children = (
				73B8FB2624D3AB3600B32167 /* HorizontalCollectionViewCellBuilder.swift */,
			);
			path = HorizontalListCellBuilder;
			sourceTree = "<group>";
		};
		73D12D4B2470675D008B0AB9 /* Example */ = {
			isa = PBXGroup;
			children = (
				73610CDE24F16B710070D724 /* AppDelegate.swift */,
				73610CE124F16B710070D724 /* Components */,
				73610CDF24F16B710070D724 /* Database */,
				73610D4524F1A8260070D724 /* Examples */,
				73610CEA24F16B710070D724 /* ExampleList */,
				731C9DEE2503C82B00967DA4 /* MeetupExample */,
				73610D8C24F1B5CD0070D724 /* Resources */,
			);
			path = Example;
			sourceTree = "<group>";
		};
		EBF15AD5229B3A630055DF69 = {
			isa = PBXGroup;
			children = (
				73BB43CA2506A04800E53473 /* Package.swift */,
				73BB43C92506A04800E53473 /* README.md */,
				73D12D4B2470675D008B0AB9 /* Example */,
				EBF15AE1229B3A630055DF69 /* BricksAndTiles */,
				EBF15AEC229B3A630055DF69 /* BricksAndTilesTests */,
				73B8FB0B24D38F2300B32167 /* ViewCodeHelper */,
				EBF15AE0229B3A630055DF69 /* Products */,
				7342B34D247082A000644987 /* Frameworks */,
			);
			sourceTree = "<group>";
		};
		EBF15AE0229B3A630055DF69 /* Products */ = {
			isa = PBXGroup;
			children = (
				EBF15ADF229B3A630055DF69 /* BricksAndTiles.framework */,
				EBF15AE8229B3A630055DF69 /* BricksAndTilesTests.xctest */,
				73D12D4A2470675D008B0AB9 /* Example.app */,
			);
			name = Products;
			sourceTree = "<group>";
		};
		EBF15AE1229B3A630055DF69 /* BricksAndTiles */ = {
			isa = PBXGroup;
			children = (
				EBF15B9C229B4C290055DF69 /* Source */,
				EBF15AE2229B3A630055DF69 /* BricksAndTiles.h */,
				EBF15AE3229B3A630055DF69 /* Info.plist */,
			);
			path = BricksAndTiles;
			sourceTree = "<group>";
		};
		EBF15AEC229B3A630055DF69 /* BricksAndTilesTests */ = {
			isa = PBXGroup;
			children = (
				EBF15AED229B3A630055DF69 /* TableViewFactoryTests.swift */,
				EBF15AEF229B3A630055DF69 /* Info.plist */,
			);
			path = BricksAndTilesTests;
			sourceTree = "<group>";
		};
		EBF15B05229B3B190055DF69 /* CellBuilders */ = {
			isa = PBXGroup;
			children = (
				EBF15B09229B3B190055DF69 /* TableViewCellBuilder.swift */,
				73610C8F24F1673B0070D724 /* Prebuilt */,
				73610D4424F16C8A0070D724 /* Protocols */,
			);
			path = CellBuilders;
			sourceTree = "<group>";
		};
		EBF15B06229B3B190055DF69 /* SingleSelectionCellBuilder */ = {
			isa = PBXGroup;
			children = (
				EBF15B07229B3B190055DF69 /* TableViewSingleSelectionCellBuilder.swift */,
				EBF15B08229B3B190055DF69 /* SelectableTableViewCell.swift */,
			);
			path = SingleSelectionCellBuilder;
			sourceTree = "<group>";
		};
		EBF15B0B229B3B190055DF69 /* EditableCellBuilder */ = {
			isa = PBXGroup;
			children = (
				EBF15B0C229B3B190055DF69 /* TableViewEditableCellBuilder.swift */,
				EBF15B0D229B3B190055DF69 /* EditableCellActionFactory.swift */,
			);
			path = EditableCellBuilder;
			sourceTree = "<group>";
		};
		EBF15B16229B3B280055DF69 /* Sections */ = {
			isa = PBXGroup;
			children = (
				EBF15B0A229B3B190055DF69 /* TableViewSection.swift */,
				EBF15AF9229B3AD20055DF69 /* ArrangeableSection.swift */,
				EBF15AFA229B3AD20055DF69 /* EditableSection.swift */,
				EBF15AFB229B3AD20055DF69 /* SingleSelectionSection.swift */,
				EBF15AFD229B3AD20055DF69 /* StaticSection.swift */,
			);
			path = Sections;
			sourceTree = "<group>";
		};
		EBF15B3B229B3D730055DF69 /* Extensions */ = {
			isa = PBXGroup;
			children = (
				EBF15B3C229B3D800055DF69 /* UITableView+DeleteRows.swift */,
				73B8FB6024D5BF2600B32167 /* UITableView+DefaultFactory.swift */,
			);
			path = Extensions;
			sourceTree = "<group>";
		};
		EBF15B9C229B4C290055DF69 /* Source */ = {
			isa = PBXGroup;
			children = (
				EBF15B3B229B3D730055DF69 /* Extensions */,
				736E6B8B24B2199F0086B985 /* CollectionView */,
				736E6B8A24B2197E0086B985 /* TableView */,
			);
			path = Source;
			sourceTree = "<group>";
		};
/* End PBXGroup section */

/* Begin PBXHeadersBuildPhase section */
		EBF15ADA229B3A630055DF69 /* Headers */ = {
			isa = PBXHeadersBuildPhase;
			buildActionMask = 2147483647;
			files = (
				EBF15AF0229B3A630055DF69 /* BricksAndTiles.h in Headers */,
			);
			runOnlyForDeploymentPostprocessing = 0;
		};
/* End PBXHeadersBuildPhase section */

/* Begin PBXNativeTarget section */
		73D12D492470675D008B0AB9 /* Example */ = {
			isa = PBXNativeTarget;
			buildConfigurationList = 73D12D6A2470675F008B0AB9 /* Build configuration list for PBXNativeTarget "Example" */;
			buildPhases = (
				7342B3632470A95100644987 /* SwiftLint */,
				73D12D462470675D008B0AB9 /* Sources */,
				73D12D472470675D008B0AB9 /* Frameworks */,
				73D12D482470675D008B0AB9 /* Resources */,
				7342B352247082A000644987 /* Embed Frameworks */,
			);
			buildRules = (
			);
			dependencies = (
				73AB8F9C24706FAC000A7BF5 /* PBXTargetDependency */,
			);
			name = Example;
			packageProductDependencies = (
			);
			productName = Example;
			productReference = 73D12D4A2470675D008B0AB9 /* Example.app */;
			productType = "com.apple.product-type.application";
		};
		EBF15ADE229B3A630055DF69 /* BricksAndTiles */ = {
			isa = PBXNativeTarget;
			buildConfigurationList = EBF15AF3229B3A630055DF69 /* Build configuration list for PBXNativeTarget "BricksAndTiles" */;
			buildPhases = (
				EBF15ADA229B3A630055DF69 /* Headers */,
				EBF15ADB229B3A630055DF69 /* Sources */,
				EBF15ADC229B3A630055DF69 /* Frameworks */,
				EBF15ADD229B3A630055DF69 /* Resources */,
				73B8FB1C24D38F5200B32167 /* Embed Frameworks */,
			);
			buildRules = (
			);
			dependencies = (
			);
			name = BricksAndTiles;
			packageProductDependencies = (
			);
			productName = TableViewFactory;
			productReference = EBF15ADF229B3A630055DF69 /* BricksAndTiles.framework */;
			productType = "com.apple.product-type.framework";
		};
		EBF15AE7229B3A630055DF69 /* BricksAndTilesTests */ = {
			isa = PBXNativeTarget;
			buildConfigurationList = EBF15AF6229B3A630055DF69 /* Build configuration list for PBXNativeTarget "BricksAndTilesTests" */;
			buildPhases = (
				EBF15AE4229B3A630055DF69 /* Sources */,
				EBF15AE5229B3A630055DF69 /* Frameworks */,
				EBF15AE6229B3A630055DF69 /* Resources */,
			);
			buildRules = (
			);
			dependencies = (
				EBF15AEB229B3A630055DF69 /* PBXTargetDependency */,
			);
			name = BricksAndTilesTests;
			productName = TableViewFactoryTests;
			productReference = EBF15AE8229B3A630055DF69 /* BricksAndTilesTests.xctest */;
			productType = "com.apple.product-type.bundle.unit-test";
		};
/* End PBXNativeTarget section */

/* Begin PBXProject section */
		EBF15AD6229B3A630055DF69 /* Project object */ = {
			isa = PBXProject;
			attributes = {
				LastSwiftUpdateCheck = 1130;
				LastUpgradeCheck = 1020;
				ORGANIZATIONNAME = Dextra;
				TargetAttributes = {
					73D12D492470675D008B0AB9 = {
						CreatedOnToolsVersion = 11.3;
						LastSwiftMigration = 1150;
					};
					EBF15ADE229B3A630055DF69 = {
						CreatedOnToolsVersion = 10.2.1;
						LastSwiftMigration = 1020;
					};
					EBF15AE7229B3A630055DF69 = {
						CreatedOnToolsVersion = 10.2.1;
					};
				};
			};
			buildConfigurationList = EBF15AD9229B3A630055DF69 /* Build configuration list for PBXProject "BricksAndTiles" */;
			compatibilityVersion = "Xcode 9.3";
			developmentRegion = en;
			hasScannedForEncodings = 0;
			knownRegions = (
				en,
				Base,
			);
			mainGroup = EBF15AD5229B3A630055DF69;
			packageReferences = (
				73B8FAF724D3891400B32167 /* XCRemoteSwiftPackageReference "view-code-helper" */,
			);
			productRefGroup = EBF15AE0229B3A630055DF69 /* Products */;
			projectDirPath = "";
			projectRoot = "";
			targets = (
				73D12D492470675D008B0AB9 /* Example */,
				EBF15ADE229B3A630055DF69 /* BricksAndTiles */,
				EBF15AE7229B3A630055DF69 /* BricksAndTilesTests */,
			);
		};
/* End PBXProject section */

/* Begin PBXResourcesBuildPhase section */
		73D12D482470675D008B0AB9 /* Resources */ = {
			isa = PBXResourcesBuildPhase;
			buildActionMask = 2147483647;
			files = (
				73610D8B24F1B4F60070D724 /* LaunchScreen.storyboard in Resources */,
				73610D4324F16B710070D724 /* Assets.xcassets in Resources */,
			);
			runOnlyForDeploymentPostprocessing = 0;
		};
		EBF15ADD229B3A630055DF69 /* Resources */ = {
			isa = PBXResourcesBuildPhase;
			buildActionMask = 2147483647;
			files = (
			);
			runOnlyForDeploymentPostprocessing = 0;
		};
		EBF15AE6229B3A630055DF69 /* Resources */ = {
			isa = PBXResourcesBuildPhase;
			buildActionMask = 2147483647;
			files = (
			);
			runOnlyForDeploymentPostprocessing = 0;
		};
/* End PBXResourcesBuildPhase section */

/* Begin PBXShellScriptBuildPhase section */
		7342B3632470A95100644987 /* SwiftLint */ = {
			isa = PBXShellScriptBuildPhase;
			buildActionMask = 2147483647;
			files = (
			);
			inputFileListPaths = (
			);
			inputPaths = (
			);
			name = SwiftLint;
			outputFileListPaths = (
			);
			outputPaths = (
			);
			runOnlyForDeploymentPostprocessing = 0;
			shellPath = /bin/sh;
			shellScript = "if which swiftlint >/dev/null; then\n  swiftlint\nelse\n  echo \"warning: SwiftLint not installed, download from https://github.com/realm/SwiftLint\"\nfi\n";
		};
/* End PBXShellScriptBuildPhase section */

/* Begin PBXSourcesBuildPhase section */
		73D12D462470675D008B0AB9 /* Sources */ = {
			isa = PBXSourcesBuildPhase;
			buildActionMask = 2147483647;
			files = (
				73610D7A24F1A8270070D724 /* SingleSelectionTableViewCell.swift in Sources */,
				59CA4F93251D0ED20096E22E /* CollectionViewGridExampleController.swift in Sources */,
				73610D8524F1A8270070D724 /* DraggableExampleTableViewFactory.swift in Sources */,
				73610D8024F1A8270070D724 /* FirstStaticCell.swift in Sources */,
				73610D7224F1A8270070D724 /* GenericExampleViewController.swift in Sources */,
				73610D6F24F1A8270070D724 /* EditableTableViewFactory.swift in Sources */,
				73610D7424F1A8270070D724 /* CollectionViewExampleViewController.swift in Sources */,
				73610D7324F1A8270070D724 /* HorizontalListFactory.swift in Sources */,
				73610D7824F1A8270070D724 /* GenericExamplePresenter.swift in Sources */,
				73610D8724F1A8270070D724 /* DragableExampleTableViewCell.swift in Sources */,
				73610D2624F16B710070D724 /* ExampleNameTableViewCell.swift in Sources */,
				731C9E112504551800967DA4 /* Song.swift in Sources */,
				73610D8824F1A8270070D724 /* SongsRankingFactoryModel.swift in Sources */,
				73610D2124F16B710070D724 /* SimpleHeader.swift in Sources */,
				73610D7124F1A8270070D724 /* EditableTableViewCell.swift in Sources */,
				73610D7B24F1A8270070D724 /* SingleSelectionTableViewFactory.swift in Sources */,
				731C9DF52503CEB300967DA4 /* MeetupFactoryViewController.swift in Sources */,
				73610D7724F1A8270070D724 /* HorizontalCellBuilder.swift in Sources */,
				731C9E132504556900967DA4 /* Album.swift in Sources */,
				73610D2724F16B710070D724 /* ExampleType.swift in Sources */,
				731C9E0A250442D700967DA4 /* MeetupAlbumCell.swift in Sources */,
				73610D7524F1A8270070D724 /* HorizontalCellHeader.swift in Sources */,
				731C9E0325043E2A00967DA4 /* MeetupTableViewFactory.swift in Sources */,
				73610D7C24F1A8270070D724 /* HorizontalListCell.swift in Sources */,
				73610D2524F16B710070D724 /* ExampleListTableViewFactory.swift in Sources */,
				73610D8324F1A8270070D724 /* DraggablePresenter.swift in Sources */,
				73610D7E24F1A8270070D724 /* SecondStaticCellBuilder.swift in Sources */,
				73610D8424F1A8270070D724 /* DraggableViewController.swift in Sources */,
				73610D1F24F16B710070D724 /* SongService.swift in Sources */,
				731C9DF22503CA1500967DA4 /* MeetupExampleType.swift in Sources */,
				731C9E082504428B00967DA4 /* MeetupSongCell.swift in Sources */,
				731C9E0D2504431900967DA4 /* MeetupSongCellBuilder.swift in Sources */,
				73610D8124F1A8270070D724 /* FirstStaticCellBuilder.swift in Sources */,
				73610D2424F16B710070D724 /* ExampleListViewController.swift in Sources */,
				73610D8224F1A8270070D724 /* AlternateStaticTableViewFactory.swift in Sources */,
				73610D2024F16B710070D724 /* LabelCell.swift in Sources */,
				73610D7024F1A8270070D724 /* EditableCellBuilder.swift in Sources */,
				73610D7924F1A8270070D724 /* SingleSelectionCellBuilder.swift in Sources */,
				73610D7F24F1A8270070D724 /* SecondStaticCell.swift in Sources */,
				731C9E0525043E8000967DA4 /* MeetupTableViewFactoryState.swift in Sources */,
				73610D7624F1A8270070D724 /* HorizontalCell.swift in Sources */,
				73610D2824F16B710070D724 /* ExampleListPresenter.swift in Sources */,
				59CA4F95251D3DE90096E22E /* GridListFactory.swift in Sources */,
				731C9E0F2504442B00967DA4 /* MeetupAlbumCellBuilder.swift in Sources */,
				73610D1E24F16B710070D724 /* AppDelegate.swift in Sources */,
				73610D8624F1A8270070D724 /* DragableExampleCellBuilder.swift in Sources */,
				73610D7D24F1A8270070D724 /* HorizontalListCellBuilder.swift in Sources */,
			);
			runOnlyForDeploymentPostprocessing = 0;
		};
		EBF15ADB229B3A630055DF69 /* Sources */ = {
			isa = PBXSourcesBuildPhase;
			buildActionMask = 2147483647;
			files = (
				EBF15B01229B3AD20055DF69 /* SingleSelectionSection.swift in Sources */,
				EBF15B3D229B3D800055DF69 /* UITableView+DeleteRows.swift in Sources */,
				EBF15B15229B3B190055DF69 /* TableViewArrangeableCellBuilder.swift in Sources */,
				EBF15AFF229B3AD20055DF69 /* ArrangeableSection.swift in Sources */,
				EBF15B14229B3B190055DF69 /* EditableCellActionFactory.swift in Sources */,
				EBF15B03229B3AD20055DF69 /* StaticSection.swift in Sources */,
				EBF15B13229B3B190055DF69 /* TableViewEditableCellBuilder.swift in Sources */,
				EBF15B12229B3B190055DF69 /* TableViewSection.swift in Sources */,
				73610C9124F167600070D724 /* SelectableCellBuilder.swift in Sources */,
				73B8FB2724D3AB3600B32167 /* HorizontalCollectionViewCellBuilder.swift in Sources */,
				EBF15B02229B3AD20055DF69 /* TableViewDataSource.swift in Sources */,
				73B8FB2124D394F900B32167 /* StaticCollectionSection.swift in Sources */,
				73B8FB2324D3957A00B32167 /* CollectionViewCellBuilder.swift in Sources */,
				59CA4F91251D09460096E22E /* GridCollectionSection.swift in Sources */,
				736E6B8D24B219AF0086B985 /* CollectionViewDataSource.swift in Sources */,
				EBF15B11229B3B190055DF69 /* TableViewCellBuilder.swift in Sources */,
				EBF15B04229B3AD20055DF69 /* TableViewItem.swift in Sources */,
				EBF15B00229B3AD20055DF69 /* EditableSection.swift in Sources */,
				EBF15B0F229B3B190055DF69 /* TableViewSingleSelectionCellBuilder.swift in Sources */,
				736E6B9324B21B7C0086B985 /* CollectionViewSection.swift in Sources */,
				73B8FB6124D5BF2600B32167 /* UITableView+DefaultFactory.swift in Sources */,
				EBF15B10229B3B190055DF69 /* SelectableTableViewCell.swift in Sources */,
			);
			runOnlyForDeploymentPostprocessing = 0;
		};
		EBF15AE4229B3A630055DF69 /* Sources */ = {
			isa = PBXSourcesBuildPhase;
			buildActionMask = 2147483647;
			files = (
				EBF15AEE229B3A630055DF69 /* TableViewFactoryTests.swift in Sources */,
			);
			runOnlyForDeploymentPostprocessing = 0;
		};
/* End PBXSourcesBuildPhase section */

/* Begin PBXTargetDependency section */
		73AB8F9C24706FAC000A7BF5 /* PBXTargetDependency */ = {
			isa = PBXTargetDependency;
			target = EBF15ADE229B3A630055DF69 /* BricksAndTiles */;
			targetProxy = 73AB8F9B24706FAC000A7BF5 /* PBXContainerItemProxy */;
		};
		EBF15AEB229B3A630055DF69 /* PBXTargetDependency */ = {
			isa = PBXTargetDependency;
			target = EBF15ADE229B3A630055DF69 /* BricksAndTiles */;
			targetProxy = EBF15AEA229B3A630055DF69 /* PBXContainerItemProxy */;
		};
/* End PBXTargetDependency section */

/* Begin PBXVariantGroup section */
		73610D8924F1B4F60070D724 /* LaunchScreen.storyboard */ = {
			isa = PBXVariantGroup;
			children = (
				73610D8A24F1B4F60070D724 /* Base */,
			);
			name = LaunchScreen.storyboard;
			sourceTree = "<group>";
		};
/* End PBXVariantGroup section */

/* Begin XCBuildConfiguration section */
		73D12D662470675F008B0AB9 /* Debug */ = {
			isa = XCBuildConfiguration;
			buildSettings = {
				ASSETCATALOG_COMPILER_APPICON_NAME = AppIcon;
				CLANG_ENABLE_MODULES = YES;
				CODE_SIGN_STYLE = Automatic;
				DEVELOPMENT_ASSET_PATHS = "\"Example/Preview Content\"";
				DEVELOPMENT_TEAM = VC5347Z9AZ;
				ENABLE_PREVIEWS = YES;
				INFOPLIST_FILE = Example/Info.plist;
				IPHONEOS_DEPLOYMENT_TARGET = 11.0;
				LD_RUNPATH_SEARCH_PATHS = (
					"$(inherited)",
					"@executable_path/Frameworks",
				);
				PRODUCT_BUNDLE_IDENTIFIER = io.github.mugbug.Example;
				PRODUCT_NAME = "$(TARGET_NAME)";
				SWIFT_OPTIMIZATION_LEVEL = "-Onone";
				SWIFT_VERSION = 5.0;
				TARGETED_DEVICE_FAMILY = "1,2";
			};
			name = Debug;
		};
		73D12D672470675F008B0AB9 /* Release */ = {
			isa = XCBuildConfiguration;
			buildSettings = {
				ASSETCATALOG_COMPILER_APPICON_NAME = AppIcon;
				CLANG_ENABLE_MODULES = YES;
				CODE_SIGN_STYLE = Automatic;
				DEVELOPMENT_ASSET_PATHS = "\"Example/Preview Content\"";
				DEVELOPMENT_TEAM = VC5347Z9AZ;
				ENABLE_PREVIEWS = YES;
				INFOPLIST_FILE = Example/Info.plist;
				IPHONEOS_DEPLOYMENT_TARGET = 11.0;
				LD_RUNPATH_SEARCH_PATHS = (
					"$(inherited)",
					"@executable_path/Frameworks",
				);
				PRODUCT_BUNDLE_IDENTIFIER = io.github.mugbug.Example;
				PRODUCT_NAME = "$(TARGET_NAME)";
				SWIFT_VERSION = 5.0;
				TARGETED_DEVICE_FAMILY = "1,2";
			};
			name = Release;
		};
		EBF15AF1229B3A630055DF69 /* Debug */ = {
			isa = XCBuildConfiguration;
			buildSettings = {
				ALWAYS_SEARCH_USER_PATHS = NO;
				CLANG_ANALYZER_NONNULL = YES;
				CLANG_ANALYZER_NUMBER_OBJECT_CONVERSION = YES_AGGRESSIVE;
				CLANG_CXX_LANGUAGE_STANDARD = "gnu++14";
				CLANG_CXX_LIBRARY = "libc++";
				CLANG_ENABLE_MODULES = YES;
				CLANG_ENABLE_OBJC_ARC = YES;
				CLANG_ENABLE_OBJC_WEAK = YES;
				CLANG_WARN_BLOCK_CAPTURE_AUTORELEASING = YES;
				CLANG_WARN_BOOL_CONVERSION = YES;
				CLANG_WARN_COMMA = YES;
				CLANG_WARN_CONSTANT_CONVERSION = YES;
				CLANG_WARN_DEPRECATED_OBJC_IMPLEMENTATIONS = YES;
				CLANG_WARN_DIRECT_OBJC_ISA_USAGE = YES_ERROR;
				CLANG_WARN_DOCUMENTATION_COMMENTS = YES;
				CLANG_WARN_EMPTY_BODY = YES;
				CLANG_WARN_ENUM_CONVERSION = YES;
				CLANG_WARN_INFINITE_RECURSION = YES;
				CLANG_WARN_INT_CONVERSION = YES;
				CLANG_WARN_NON_LITERAL_NULL_CONVERSION = YES;
				CLANG_WARN_OBJC_IMPLICIT_RETAIN_SELF = YES;
				CLANG_WARN_OBJC_LITERAL_CONVERSION = YES;
				CLANG_WARN_OBJC_ROOT_CLASS = YES_ERROR;
				CLANG_WARN_RANGE_LOOP_ANALYSIS = YES;
				CLANG_WARN_STRICT_PROTOTYPES = YES;
				CLANG_WARN_SUSPICIOUS_MOVE = YES;
				CLANG_WARN_UNGUARDED_AVAILABILITY = YES_AGGRESSIVE;
				CLANG_WARN_UNREACHABLE_CODE = YES;
				CLANG_WARN__DUPLICATE_METHOD_MATCH = YES;
				CODE_SIGN_IDENTITY = "iPhone Developer";
				COPY_PHASE_STRIP = NO;
				CURRENT_PROJECT_VERSION = 1;
				DEBUG_INFORMATION_FORMAT = dwarf;
				ENABLE_STRICT_OBJC_MSGSEND = YES;
				ENABLE_TESTABILITY = YES;
				GCC_C_LANGUAGE_STANDARD = gnu11;
				GCC_DYNAMIC_NO_PIC = NO;
				GCC_NO_COMMON_BLOCKS = YES;
				GCC_OPTIMIZATION_LEVEL = 0;
				GCC_PREPROCESSOR_DEFINITIONS = (
					"DEBUG=1",
					"$(inherited)",
				);
				GCC_WARN_64_TO_32_BIT_CONVERSION = YES;
				GCC_WARN_ABOUT_RETURN_TYPE = YES_ERROR;
				GCC_WARN_UNDECLARED_SELECTOR = YES;
				GCC_WARN_UNINITIALIZED_AUTOS = YES_AGGRESSIVE;
				GCC_WARN_UNUSED_FUNCTION = YES;
				GCC_WARN_UNUSED_VARIABLE = YES;
				IPHONEOS_DEPLOYMENT_TARGET = 11.0;
				MTL_ENABLE_DEBUG_INFO = INCLUDE_SOURCE;
				MTL_FAST_MATH = YES;
				ONLY_ACTIVE_ARCH = YES;
				SDKROOT = iphoneos;
				SWIFT_ACTIVE_COMPILATION_CONDITIONS = DEBUG;
				SWIFT_OPTIMIZATION_LEVEL = "-Onone";
				VERSIONING_SYSTEM = "apple-generic";
				VERSION_INFO_PREFIX = "";
			};
			name = Debug;
		};
		EBF15AF2229B3A630055DF69 /* Release */ = {
			isa = XCBuildConfiguration;
			buildSettings = {
				ALWAYS_SEARCH_USER_PATHS = NO;
				CLANG_ANALYZER_NONNULL = YES;
				CLANG_ANALYZER_NUMBER_OBJECT_CONVERSION = YES_AGGRESSIVE;
				CLANG_CXX_LANGUAGE_STANDARD = "gnu++14";
				CLANG_CXX_LIBRARY = "libc++";
				CLANG_ENABLE_MODULES = YES;
				CLANG_ENABLE_OBJC_ARC = YES;
				CLANG_ENABLE_OBJC_WEAK = YES;
				CLANG_WARN_BLOCK_CAPTURE_AUTORELEASING = YES;
				CLANG_WARN_BOOL_CONVERSION = YES;
				CLANG_WARN_COMMA = YES;
				CLANG_WARN_CONSTANT_CONVERSION = YES;
				CLANG_WARN_DEPRECATED_OBJC_IMPLEMENTATIONS = YES;
				CLANG_WARN_DIRECT_OBJC_ISA_USAGE = YES_ERROR;
				CLANG_WARN_DOCUMENTATION_COMMENTS = YES;
				CLANG_WARN_EMPTY_BODY = YES;
				CLANG_WARN_ENUM_CONVERSION = YES;
				CLANG_WARN_INFINITE_RECURSION = YES;
				CLANG_WARN_INT_CONVERSION = YES;
				CLANG_WARN_NON_LITERAL_NULL_CONVERSION = YES;
				CLANG_WARN_OBJC_IMPLICIT_RETAIN_SELF = YES;
				CLANG_WARN_OBJC_LITERAL_CONVERSION = YES;
				CLANG_WARN_OBJC_ROOT_CLASS = YES_ERROR;
				CLANG_WARN_RANGE_LOOP_ANALYSIS = YES;
				CLANG_WARN_STRICT_PROTOTYPES = YES;
				CLANG_WARN_SUSPICIOUS_MOVE = YES;
				CLANG_WARN_UNGUARDED_AVAILABILITY = YES_AGGRESSIVE;
				CLANG_WARN_UNREACHABLE_CODE = YES;
				CLANG_WARN__DUPLICATE_METHOD_MATCH = YES;
				CODE_SIGN_IDENTITY = "iPhone Developer";
				COPY_PHASE_STRIP = NO;
				CURRENT_PROJECT_VERSION = 1;
				DEBUG_INFORMATION_FORMAT = "dwarf-with-dsym";
				ENABLE_NS_ASSERTIONS = NO;
				ENABLE_STRICT_OBJC_MSGSEND = YES;
				GCC_C_LANGUAGE_STANDARD = gnu11;
				GCC_NO_COMMON_BLOCKS = YES;
				GCC_WARN_64_TO_32_BIT_CONVERSION = YES;
				GCC_WARN_ABOUT_RETURN_TYPE = YES_ERROR;
				GCC_WARN_UNDECLARED_SELECTOR = YES;
				GCC_WARN_UNINITIALIZED_AUTOS = YES_AGGRESSIVE;
				GCC_WARN_UNUSED_FUNCTION = YES;
				GCC_WARN_UNUSED_VARIABLE = YES;
				IPHONEOS_DEPLOYMENT_TARGET = 11.0;
				MTL_ENABLE_DEBUG_INFO = NO;
				MTL_FAST_MATH = YES;
				SDKROOT = iphoneos;
				SWIFT_COMPILATION_MODE = wholemodule;
				SWIFT_OPTIMIZATION_LEVEL = "-O";
				VALIDATE_PRODUCT = YES;
				VERSIONING_SYSTEM = "apple-generic";
				VERSION_INFO_PREFIX = "";
			};
			name = Release;
		};
		EBF15AF4229B3A630055DF69 /* Debug */ = {
			isa = XCBuildConfiguration;
			buildSettings = {
				CLANG_ENABLE_MODULES = YES;
				CODE_SIGN_IDENTITY = "";
				CODE_SIGN_STYLE = Automatic;
				DEFINES_MODULE = YES;
				DEVELOPMENT_TEAM = VC5347Z9AZ;
				DYLIB_COMPATIBILITY_VERSION = 1;
				DYLIB_CURRENT_VERSION = 1;
				DYLIB_INSTALL_NAME_BASE = "@rpath";
				INFOPLIST_FILE = BricksAndTiles/Info.plist;
				INSTALL_PATH = "$(LOCAL_LIBRARY_DIR)/Frameworks";
				IPHONEOS_DEPLOYMENT_TARGET = 11.0;
				LD_RUNPATH_SEARCH_PATHS = (
					"$(inherited)",
					"@executable_path/Frameworks",
					"@loader_path/Frameworks",
				);
				PRODUCT_BUNDLE_IDENTIFIER = io.github.mugbug.BricksAndTiles;
				PRODUCT_NAME = "$(TARGET_NAME:c99extidentifier)";
				SKIP_INSTALL = YES;
				SWIFT_OPTIMIZATION_LEVEL = "-Onone";
				SWIFT_VERSION = 5.0;
				TARGETED_DEVICE_FAMILY = "1,2";
			};
			name = Debug;
		};
		EBF15AF5229B3A630055DF69 /* Release */ = {
			isa = XCBuildConfiguration;
			buildSettings = {
				CLANG_ENABLE_MODULES = YES;
				CODE_SIGN_IDENTITY = "";
				CODE_SIGN_STYLE = Automatic;
				DEFINES_MODULE = YES;
				DEVELOPMENT_TEAM = VC5347Z9AZ;
				DYLIB_COMPATIBILITY_VERSION = 1;
				DYLIB_CURRENT_VERSION = 1;
				DYLIB_INSTALL_NAME_BASE = "@rpath";
				INFOPLIST_FILE = BricksAndTiles/Info.plist;
				INSTALL_PATH = "$(LOCAL_LIBRARY_DIR)/Frameworks";
				IPHONEOS_DEPLOYMENT_TARGET = 11.0;
				LD_RUNPATH_SEARCH_PATHS = (
					"$(inherited)",
					"@executable_path/Frameworks",
					"@loader_path/Frameworks",
				);
				PRODUCT_BUNDLE_IDENTIFIER = io.github.mugbug.BricksAndTiles;
				PRODUCT_NAME = "$(TARGET_NAME:c99extidentifier)";
				SKIP_INSTALL = YES;
				SWIFT_VERSION = 5.0;
				TARGETED_DEVICE_FAMILY = "1,2";
			};
			name = Release;
		};
		EBF15AF7229B3A630055DF69 /* Debug */ = {
			isa = XCBuildConfiguration;
			buildSettings = {
				ALWAYS_EMBED_SWIFT_STANDARD_LIBRARIES = YES;
				CODE_SIGN_STYLE = Automatic;
				DEVELOPMENT_TEAM = VC5347Z9AZ;
				INFOPLIST_FILE = BricksAndTilesTests/Info.plist;
				IPHONEOS_DEPLOYMENT_TARGET = 11.0;
				LD_RUNPATH_SEARCH_PATHS = (
					"$(inherited)",
					"@executable_path/Frameworks",
					"@loader_path/Frameworks",
				);
				PRODUCT_BUNDLE_IDENTIFIER = io.github.mugbug.BricksAndTilesTests;
				PRODUCT_NAME = "$(TARGET_NAME)";
				SWIFT_VERSION = 5.0;
				TARGETED_DEVICE_FAMILY = "1,2";
			};
			name = Debug;
		};
		EBF15AF8229B3A630055DF69 /* Release */ = {
			isa = XCBuildConfiguration;
			buildSettings = {
				ALWAYS_EMBED_SWIFT_STANDARD_LIBRARIES = YES;
				CODE_SIGN_STYLE = Automatic;
				DEVELOPMENT_TEAM = VC5347Z9AZ;
				INFOPLIST_FILE = BricksAndTilesTests/Info.plist;
				IPHONEOS_DEPLOYMENT_TARGET = 11.0;
				LD_RUNPATH_SEARCH_PATHS = (
					"$(inherited)",
					"@executable_path/Frameworks",
					"@loader_path/Frameworks",
				);
				PRODUCT_BUNDLE_IDENTIFIER = io.github.mugbug.BricksAndTilesTests;
				PRODUCT_NAME = "$(TARGET_NAME)";
				SWIFT_VERSION = 5.0;
				TARGETED_DEVICE_FAMILY = "1,2";
			};
			name = Release;
		};
/* End XCBuildConfiguration section */

/* Begin XCConfigurationList section */
		73D12D6A2470675F008B0AB9 /* Build configuration list for PBXNativeTarget "Example" */ = {
			isa = XCConfigurationList;
			buildConfigurations = (
				73D12D662470675F008B0AB9 /* Debug */,
				73D12D672470675F008B0AB9 /* Release */,
			);
			defaultConfigurationIsVisible = 0;
			defaultConfigurationName = Release;
		};
		EBF15AD9229B3A630055DF69 /* Build configuration list for PBXProject "BricksAndTiles" */ = {
			isa = XCConfigurationList;
			buildConfigurations = (
				EBF15AF1229B3A630055DF69 /* Debug */,
				EBF15AF2229B3A630055DF69 /* Release */,
			);
			defaultConfigurationIsVisible = 0;
			defaultConfigurationName = Release;
		};
		EBF15AF3229B3A630055DF69 /* Build configuration list for PBXNativeTarget "BricksAndTiles" */ = {
			isa = XCConfigurationList;
			buildConfigurations = (
				EBF15AF4229B3A630055DF69 /* Debug */,
				EBF15AF5229B3A630055DF69 /* Release */,
			);
			defaultConfigurationIsVisible = 0;
			defaultConfigurationName = Release;
		};
		EBF15AF6229B3A630055DF69 /* Build configuration list for PBXNativeTarget "BricksAndTilesTests" */ = {
			isa = XCConfigurationList;
			buildConfigurations = (
				EBF15AF7229B3A630055DF69 /* Debug */,
				EBF15AF8229B3A630055DF69 /* Release */,
			);
			defaultConfigurationIsVisible = 0;
			defaultConfigurationName = Release;
		};
/* End XCConfigurationList section */

/* Begin XCRemoteSwiftPackageReference section */
		73B8FAF724D3891400B32167 /* XCRemoteSwiftPackageReference "view-code-helper" */ = {
			isa = XCRemoteSwiftPackageReference;
			repositoryURL = "https://github.com/mugbug/view-code-helper";
			requirement = {
				kind = upToNextMajorVersion;
				minimumVersion = 0.1.0;
			};
		};
/* End XCRemoteSwiftPackageReference section */
	};
	rootObject = EBF15AD6229B3A630055DF69 /* Project object */;
}
